
Microsoft Visual Studio Solution File, Format Version 12.00
# Visual Studio 15
VisualStudioVersion = 15.0.27428.1
MinimumVisualStudioVersion = 10.0.40219.1
Project("{FAE04EC0-301F-11D3-BF4B-00C04F79EFBC}") = "Nothing", "Nothing\Nothing.csproj", "{D526B63A-4710-4B71-B9C6-6515327E7CEA}"
EndProject
Global
	GlobalSection(SolutionConfigurationPlatforms) = preSolution
		Debug|Any CPU = Debug|Any CPU
		Release|Any CPU = Release|Any CPU
	EndGlobalSection
	GlobalSection(ProjectConfigurationPlatforms) = postSolution
		{D526B63A-4710-4B71-B9C6-6515327E7CEA}.Debug|Any CPU.ActiveCfg = Debug|Any CPU
		{D526B63A-4710-4B71-B9C6-6515327E7CEA}.Debug|Any CPU.Build.0 = Debug|Any CPU
		{D526B63A-4710-4B71-B9C6-6515327E7CEA}.Release|Any CPU.ActiveCfg = Release|Any CPU
		{D526B63A-4710-4B71-B9C6-6515327E7CEA}.Release|Any CPU.Build.0 = Release|Any CPU
	EndGlobalSection
	GlobalSection(SolutionProperties) = preSolution
		HideSolutionNode = FALSE
	EndGlobalSection
	GlobalSection(ExtensibilityGlobals) = postSolution
		SolutionGuid = {BF84D99D-0F7D-4566-9E59-0AF784434FB8}
	EndGlobalSection
EndGlobal
